
Microsoft Visual Studio Solution File, Format Version 11.00
# Visual Studio 2010
Project("{FAE04EC0-301F-11D3-BF4B-00C04F79EFBC}") = "JHWidgetConfig", "JHUploadFile\JHWidgetConfig.csproj", "{4EE08BD1-8813-4384-950B-B5B39A0709A4}"
EndProject
Project("{FAE04EC0-301F-11D3-BF4B-00C04F79EFBC}") = "JHEMRAutoUpdate", "JHEMRAutoUpdate\JHEMRAutoUpdate.csproj", "{65CA1F3F-AB84-4439-91C7-640AFC20A3E1}"
EndProject
Global
	GlobalSection(TeamFoundationVersionControl) = preSolution
		SccNumberOfProjects = 3
		SccEnterpriseProvider = {4CA58AB2-18FA-4F8D-95D4-32DDF27D184C}
		SccTeamFoundationServer = http://192.168.2.19:8080/tfs/defaultcollection
		SccLocalPath0 = .
		SccProjectUniqueName1 = JHEMRAutoUpdate\\JHEMRAutoUpdate.csproj
		SccProjectName1 = JHEMRAutoUpdate
		SccLocalPath1 = JHEMRAutoUpdate
		SccProjectUniqueName2 = JHUploadFile\\JHWidgetConfig.csproj
		SccProjectName2 = JHUploadFile
		SccLocalPath2 = JHUploadFile
	EndGlobalSection
	GlobalSection(SolutionConfigurationPlatforms) = preSolution
		Debug|Any CPU = Debug|Any CPU
		Debug|Mixed Platforms = Debug|Mixed Platforms
		Debug|x86 = Debug|x86
		Release|Any CPU = Release|Any CPU
		Release|Mixed Platforms = Release|Mixed Platforms
		Release|x86 = Release|x86
	EndGlobalSection
	GlobalSection(ProjectConfigurationPlatforms) = postSolution
		{4EE08BD1-8813-4384-950B-B5B39A0709A4}.Debug|Any CPU.ActiveCfg = Debug|Any CPU
		{4EE08BD1-8813-4384-950B-B5B39A0709A4}.Debug|Any CPU.Build.0 = Debug|Any CPU
		{4EE08BD1-8813-4384-950B-B5B39A0709A4}.Debug|Mixed Platforms.ActiveCfg = Debug|Any CPU
		{4EE08BD1-8813-4384-950B-B5B39A0709A4}.Debug|Mixed Platforms.Build.0 = Debug|Any CPU
		{4EE08BD1-8813-4384-950B-B5B39A0709A4}.Debug|x86.ActiveCfg = Debug|Any CPU
		{4EE08BD1-8813-4384-950B-B5B39A0709A4}.Release|Any CPU.ActiveCfg = Release|Any CPU
		{4EE08BD1-8813-4384-950B-B5B39A0709A4}.Release|Any CPU.Build.0 = Release|Any CPU
		{4EE08BD1-8813-4384-950B-B5B39A0709A4}.Release|Mixed Platforms.ActiveCfg = Release|Any CPU
		{4EE08BD1-8813-4384-950B-B5B39A0709A4}.Release|Mixed Platforms.Build.0 = Release|Any CPU
		{4EE08BD1-8813-4384-950B-B5B39A0709A4}.Release|x86.ActiveCfg = Release|Any CPU
		{65CA1F3F-AB84-4439-91C7-640AFC20A3E1}.Debug|Any CPU.ActiveCfg = Debug|x86
		{65CA1F3F-AB84-4439-91C7-640AFC20A3E1}.Debug|Mixed Platforms.ActiveCfg = Debug|x86
		{65CA1F3F-AB84-4439-91C7-640AFC20A3E1}.Debug|Mixed Platforms.Build.0 = Debug|x86
		{65CA1F3F-AB84-4439-91C7-640AFC20A3E1}.Debug|x86.ActiveCfg = Debug|x86
		{65CA1F3F-AB84-4439-91C7-640AFC20A3E1}.Debug|x86.Build.0 = Debug|x86
		{65CA1F3F-AB84-4439-91C7-640AFC20A3E1}.Release|Any CPU.ActiveCfg = Release|x86
		{65CA1F3F-AB84-4439-91C7-640AFC20A3E1}.Release|Mixed Platforms.ActiveCfg = Release|x86
		{65CA1F3F-AB84-4439-91C7-640AFC20A3E1}.Release|Mixed Platforms.Build.0 = Release|x86
		{65CA1F3F-AB84-4439-91C7-640AFC20A3E1}.Release|x86.ActiveCfg = Release|x86
		{65CA1F3F-AB84-4439-91C7-640AFC20A3E1}.Release|x86.Build.0 = Release|x86
	EndGlobalSection
	GlobalSection(SolutionProperties) = preSolution
		HideSolutionNode = FALSE
	EndGlobalSection
EndGlobal
